// !$*UTF8*$!
{
	archiveVersion = 1;
	classes = {
	};
	objectVersion = 45;
	objects = {

/* Begin PBXBuildFile section */
		840644A9184992740065BCA4 /* Foundation.framework in Frameworks */ = {isa = PBXBuildFile; fileRef = 840644A8184992740065BCA4 /* Foundation.framework */; };
		840644AB184992740065BCA4 /* CoreGraphics.framework in Frameworks */ = {isa = PBXBuildFile; fileRef = 840644AA184992740065BCA4 /* CoreGraphics.framework */; };
		840644AD184992750065BCA4 /* UIKit.framework in Frameworks */ = {isa = PBXBuildFile; fileRef = 840644AC184992740065BCA4 /* UIKit.framework */; };
		840644AF184992750065BCA4 /* CoreData.framework in Frameworks */ = {isa = PBXBuildFile; fileRef = 840644AE184992750065BCA4 /* CoreData.framework */; };
		840644B5184992750065BCA4 /* InfoPlist.strings in Resources */ = {isa = PBXBuildFile; fileRef = 840644B3184992750065BCA4 /* InfoPlist.strings */; };
		840644B7184992750065BCA4 /* main.m in Sources */ = {isa = PBXBuildFile; fileRef = 840644B6184992750065BCA4 /* main.m */; };
		840644BE184992750065BCA4 /* JKShop.xcdatamodeld in Sources */ = {isa = PBXBuildFile; fileRef = 840644BC184992750065BCA4 /* JKShop.xcdatamodeld */; };
		840644C0184992750065BCA4 /* Images.xcassets in Resources */ = {isa = PBXBuildFile; fileRef = 840644BF184992750065BCA4 /* Images.xcassets */; };
		840644C7184992750065BCA4 /* XCTest.framework in Frameworks */ = {isa = PBXBuildFile; fileRef = 840644C6184992750065BCA4 /* XCTest.framework */; };
		840644C8184992750065BCA4 /* Foundation.framework in Frameworks */ = {isa = PBXBuildFile; fileRef = 840644A8184992740065BCA4 /* Foundation.framework */; };
		840644C9184992750065BCA4 /* UIKit.framework in Frameworks */ = {isa = PBXBuildFile; fileRef = 840644AC184992740065BCA4 /* UIKit.framework */; };
		840644CA184992750065BCA4 /* CoreData.framework in Frameworks */ = {isa = PBXBuildFile; fileRef = 840644AE184992750065BCA4 /* CoreData.framework */; };
		840644D2184992750065BCA4 /* InfoPlist.strings in Resources */ = {isa = PBXBuildFile; fileRef = 840644D0184992750065BCA4 /* InfoPlist.strings */; };
		840644D4184992750065BCA4 /* JKShopTests.m in Sources */ = {isa = PBXBuildFile; fileRef = 840644D3184992750065BCA4 /* JKShopTests.m */; };
		8406450918499D880065BCA4 /* BaseAppDelegate.m in Sources */ = {isa = PBXBuildFile; fileRef = 8406450618499D880065BCA4 /* BaseAppDelegate.m */; };
		8406450A18499D880065BCA4 /* JKAppDelegate.m in Sources */ = {isa = PBXBuildFile; fileRef = 8406450818499D880065BCA4 /* JKAppDelegate.m */; };
		8406451A18499DB60065BCA4 /* BaseDeviceLibrary.m in Sources */ = {isa = PBXBuildFile; fileRef = 8406450D18499DB60065BCA4 /* BaseDeviceLibrary.m */; settings = {COMPILER_FLAGS = "-fno-objc-arc"; }; };
		8406451B18499DB60065BCA4 /* BaseLocationManager.m in Sources */ = {isa = PBXBuildFile; fileRef = 8406450F18499DB60065BCA4 /* BaseLocationManager.m */; };
		8406451C18499DB60065BCA4 /* BaseManager.m in Sources */ = {isa = PBXBuildFile; fileRef = 8406451118499DB60065BCA4 /* BaseManager.m */; };
		8406451D18499DB60065BCA4 /* BaseNetworkManager.m in Sources */ = {isa = PBXBuildFile; fileRef = 8406451318499DB60065BCA4 /* BaseNetworkManager.m */; settings = {COMPILER_FLAGS = "-fno-objc-arc"; }; };
		8406452018499DB60065BCA4 /* FacebookManager.m in Sources */ = {isa = PBXBuildFile; fileRef = 8406451918499DB60065BCA4 /* FacebookManager.m */; };
		8406454718499DCE0065BCA4 /* AFDownloadRequestOperation.m in Sources */ = {isa = PBXBuildFile; fileRef = 8406452318499DCE0065BCA4 /* AFDownloadRequestOperation.m */; };
		8406454818499DCE0065BCA4 /* AFHTTPClient.m in Sources */ = {isa = PBXBuildFile; fileRef = 8406452518499DCE0065BCA4 /* AFHTTPClient.m */; };
		8406454918499DCE0065BCA4 /* AFHTTPRequestOperation.m in Sources */ = {isa = PBXBuildFile; fileRef = 8406452718499DCE0065BCA4 /* AFHTTPRequestOperation.m */; };
		8406454A18499DCE0065BCA4 /* AFImageRequestOperation.m in Sources */ = {isa = PBXBuildFile; fileRef = 8406452918499DCE0065BCA4 /* AFImageRequestOperation.m */; };
		8406454B18499DCE0065BCA4 /* AFJSONRequestOperation.m in Sources */ = {isa = PBXBuildFile; fileRef = 8406452B18499DCE0065BCA4 /* AFJSONRequestOperation.m */; };
		8406454C18499DCE0065BCA4 /* AFJSONUtilities.m in Sources */ = {isa = PBXBuildFile; fileRef = 8406452D18499DCE0065BCA4 /* AFJSONUtilities.m */; settings = {COMPILER_FLAGS = "-fno-objc-arc"; }; };
		8406454D18499DCE0065BCA4 /* AFNetworkActivityIndicatorManager.m in Sources */ = {isa = PBXBuildFile; fileRef = 8406452F18499DCE0065BCA4 /* AFNetworkActivityIndicatorManager.m */; };
		8406454E18499DCE0065BCA4 /* AFPropertyListRequestOperation.m in Sources */ = {isa = PBXBuildFile; fileRef = 8406453218499DCE0065BCA4 /* AFPropertyListRequestOperation.m */; };
		8406454F18499DCE0065BCA4 /* AFURLConnectionOperation.m in Sources */ = {isa = PBXBuildFile; fileRef = 8406453418499DCE0065BCA4 /* AFURLConnectionOperation.m */; };
		8406455018499DCE0065BCA4 /* AFXMLRequestOperation.m in Sources */ = {isa = PBXBuildFile; fileRef = 8406453618499DCE0065BCA4 /* AFXMLRequestOperation.m */; };
		8406455118499DCE0065BCA4 /* UIImageView+AFNetworking.m in Sources */ = {isa = PBXBuildFile; fileRef = 8406453818499DCE0065BCA4 /* UIImageView+AFNetworking.m */; settings = {COMPILER_FLAGS = "-fno-objc-arc"; }; };
		8406455218499DCE0065BCA4 /* libGoogleAnalytics.a in Frameworks */ = {isa = PBXBuildFile; fileRef = 8406453F18499DCE0065BCA4 /* libGoogleAnalytics.a */; };
		8406455318499DCE0065BCA4 /* IISideController.m in Sources */ = {isa = PBXBuildFile; fileRef = 8406454218499DCE0065BCA4 /* IISideController.m */; };
		8406455418499DCE0065BCA4 /* IIViewDeckController.m in Sources */ = {isa = PBXBuildFile; fileRef = 8406454418499DCE0065BCA4 /* IIViewDeckController.m */; };
		8406455518499DCE0065BCA4 /* IIWrapController.m in Sources */ = {isa = PBXBuildFile; fileRef = 8406454618499DCE0065BCA4 /* IIWrapController.m */; };
		8406455B18499DF00065BCA4 /* BaseTableViewController.m in Sources */ = {isa = PBXBuildFile; fileRef = 8406455818499DF00065BCA4 /* BaseTableViewController.m */; };
		8406455C18499DF00065BCA4 /* BaseViewController.m in Sources */ = {isa = PBXBuildFile; fileRef = 8406455A18499DF00065BCA4 /* BaseViewController.m */; };
		840645601849A0200065BCA4 /* MapKit.framework in Frameworks */ = {isa = PBXBuildFile; fileRef = 8406455F1849A0200065BCA4 /* MapKit.framework */; };
		840645621849A0930065BCA4 /* QuartzCore.framework in Frameworks */ = {isa = PBXBuildFile; fileRef = 840645611849A0930065BCA4 /* QuartzCore.framework */; };
		840645831849A1EE0065BCA4 /* FacebookSDK.framework in Frameworks */ = {isa = PBXBuildFile; fileRef = 840645811849A1EE0065BCA4 /* FacebookSDK.framework */; };
		840645841849A1EE0065BCA4 /* SDWebImage.framework in Frameworks */ = {isa = PBXBuildFile; fileRef = 840645821849A1EE0065BCA4 /* SDWebImage.framework */; };
		840645881849A8210065BCA4 /* AFUrbanAirshipClient.m in Sources */ = {isa = PBXBuildFile; fileRef = 840645871849A8210065BCA4 /* AFUrbanAirshipClient.m */; };
		8406458D1849AB1E0065BCA4 /* SystemConfiguration.framework in Frameworks */ = {isa = PBXBuildFile; fileRef = 8406458C1849AB1E0065BCA4 /* SystemConfiguration.framework */; };
		840645901849ABC90065BCA4 /* UIAlertView+Additions.m in Sources */ = {isa = PBXBuildFile; fileRef = 8406458F1849ABC90065BCA4 /* UIAlertView+Additions.m */; };
		840645951849AC010065BCA4 /* libCrittercism_v3_5_1.a in Frameworks */ = {isa = PBXBuildFile; fileRef = 840645941849AC010065BCA4 /* libCrittercism_v3_5_1.a */; };
		840645971849B03A0065BCA4 /* CoreLocation.framework in Frameworks */ = {isa = PBXBuildFile; fileRef = 840645961849B03A0065BCA4 /* CoreLocation.framework */; };
		8406459F1849B2770065BCA4 /* home.jpg in Resources */ = {isa = PBXBuildFile; fileRef = 8406459E1849B2770065BCA4 /* home.jpg */; };
		840645A41849B8CA0065BCA4 /* JKHomeViewController.m in Sources */ = {isa = PBXBuildFile; fileRef = 840645A21849B8CA0065BCA4 /* JKHomeViewController.m */; };
		840645A51849B8CA0065BCA4 /* JKHomeViewController.xib in Resources */ = {isa = PBXBuildFile; fileRef = 840645A31849B8CA0065BCA4 /* JKHomeViewController.xib */; };
		840645AA1849B9030065BCA4 /* JKLeftMenuViewController.m in Sources */ = {isa = PBXBuildFile; fileRef = 840645A81849B9030065BCA4 /* JKLeftMenuViewController.m */; };
		840645AB1849B9030065BCA4 /* JKLeftMenuViewController.xib in Resources */ = {isa = PBXBuildFile; fileRef = 840645A91849B9030065BCA4 /* JKLeftMenuViewController.xib */; };
		840645AE1849BA780065BCA4 /* JKSidebarMenuTableViewCell.m in Sources */ = {isa = PBXBuildFile; fileRef = 840645AD1849BA780065BCA4 /* JKSidebarMenuTableViewCell.m */; };
		840645B01849BB390065BCA4 /* JKSidebarMenuTableViewCell.xib in Resources */ = {isa = PBXBuildFile; fileRef = 840645AF1849BB390065BCA4 /* JKSidebarMenuTableViewCell.xib */; };
		840645B31849BE190065BCA4 /* UIImage+Additions.m in Sources */ = {isa = PBXBuildFile; fileRef = 840645B21849BE190065BCA4 /* UIImage+Additions.m */; };
		840645B81849BE5B0065BCA4 /* UIColor+Custom.m in Sources */ = {isa = PBXBuildFile; fileRef = 840645B51849BE5B0065BCA4 /* UIColor+Custom.m */; };
		840645B91849BE5B0065BCA4 /* UIColor+Hex.m in Sources */ = {isa = PBXBuildFile; fileRef = 840645B71849BE5B0065BCA4 /* UIColor+Hex.m */; };
		840645BC1849BF260065BCA4 /* JKLeftMenuSectionHeader.m in Sources */ = {isa = PBXBuildFile; fileRef = 840645BB1849BF260065BCA4 /* JKLeftMenuSectionHeader.m */; };
		840645BE1849BF430065BCA4 /* JKLeftMenuSectionHeader.xib in Resources */ = {isa = PBXBuildFile; fileRef = 840645BD1849BF430065BCA4 /* JKLeftMenuSectionHeader.xib */; };
		840645C11849C2A00065BCA4 /* JKHelperManager.m in Sources */ = {isa = PBXBuildFile; fileRef = 840645C01849C2A00065BCA4 /* JKHelperManager.m */; };
		840645C41849C3780065BCA4 /* JKHTTPClient.m in Sources */ = {isa = PBXBuildFile; fileRef = 840645C31849C3780065BCA4 /* JKHTTPClient.m */; };
		840645D01849C8A40065BCA4 /* left-nav-button.png in Resources */ = {isa = PBXBuildFile; fileRef = 840645CC1849C8A40065BCA4 /* left-nav-button.png */; };
		840645D11849C8A40065BCA4 /* left-nav-button@2x.png in Resources */ = {isa = PBXBuildFile; fileRef = 840645CD1849C8A40065BCA4 /* left-nav-button@2x.png */; };
		840645D21849C8A40065BCA4 /* navbg.png in Resources */ = {isa = PBXBuildFile; fileRef = 840645CE1849C8A40065BCA4 /* navbg.png */; };
		840645D31849C8A40065BCA4 /* navbg@2x.png in Resources */ = {isa = PBXBuildFile; fileRef = 840645CF1849C8A40065BCA4 /* navbg@2x.png */; };
		840645D61849CB220065BCA4 /* JKNavigationViewController.m in Sources */ = {isa = PBXBuildFile; fileRef = 840645D41849CB220065BCA4 /* JKNavigationViewController.m */; };
		840645D71849CB220065BCA4 /* JKNavigationViewController.xib in Resources */ = {isa = PBXBuildFile; fileRef = 840645D51849CB220065BCA4 /* JKNavigationViewController.xib */; };
		840645DC1849CC2C0065BCA4 /* JKMapViewController.m in Sources */ = {isa = PBXBuildFile; fileRef = 840645DA1849CC2C0065BCA4 /* JKMapViewController.m */; };
		840645DD1849CC2C0065BCA4 /* JKMapViewController.xib in Resources */ = {isa = PBXBuildFile; fileRef = 840645DB1849CC2C0065BCA4 /* JKMapViewController.xib */; };
		840645E21849CCAE0065BCA4 /* SVProgressHUD.bundle in Resources */ = {isa = PBXBuildFile; fileRef = 840645DF1849CCAE0065BCA4 /* SVProgressHUD.bundle */; };
		840645E31849CCAE0065BCA4 /* SVProgressHUD.m in Sources */ = {isa = PBXBuildFile; fileRef = 840645E11849CCAE0065BCA4 /* SVProgressHUD.m */; };
		840645E71849DA870065BCA4 /* ImageIO.framework in Frameworks */ = {isa = PBXBuildFile; fileRef = 840645E61849DA870065BCA4 /* ImageIO.framework */; };
		840645E91849DAF90065BCA4 /* GLKit.framework in Frameworks */ = {isa = PBXBuildFile; fileRef = 840645E81849DAF90065BCA4 /* GLKit.framework */; };
		840645EB1849DBA50065BCA4 /* OpenGLES.framework in Frameworks */ = {isa = PBXBuildFile; fileRef = 840645EA1849DBA50065BCA4 /* OpenGLES.framework */; };
		840645ED1849DBB70065BCA4 /* CoreText.framework in Frameworks */ = {isa = PBXBuildFile; fileRef = 840645EC1849DBB70065BCA4 /* CoreText.framework */; };
		840645F31849DDA80065BCA4 /* MobileCoreServices.framework in Frameworks */ = {isa = PBXBuildFile; fileRef = 840645F21849DDA80065BCA4 /* MobileCoreServices.framework */; };
		84F99F0D184A1AEC00356DB3 /* setting.png in Resources */ = {isa = PBXBuildFile; fileRef = 84F99F05184A1AEC00356DB3 /* setting.png */; };
		84F99F0E184A1AEC00356DB3 /* setting@2x.png in Resources */ = {isa = PBXBuildFile; fileRef = 84F99F06184A1AEC00356DB3 /* setting@2x.png */; };
		84F99F0F184A1AEC00356DB3 /* info.png in Resources */ = {isa = PBXBuildFile; fileRef = 84F99F07184A1AEC00356DB3 /* info.png */; };
		84F99F10184A1AEC00356DB3 /* info@2x.png in Resources */ = {isa = PBXBuildFile; fileRef = 84F99F08184A1AEC00356DB3 /* info@2x.png */; };
		84F99F11184A1AEC00356DB3 /* star.png in Resources */ = {isa = PBXBuildFile; fileRef = 84F99F09184A1AEC00356DB3 /* star.png */; };
		84F99F12184A1AEC00356DB3 /* star@2x.png in Resources */ = {isa = PBXBuildFile; fileRef = 84F99F0A184A1AEC00356DB3 /* star@2x.png */; };
		84F99F13184A1AEC00356DB3 /* category.png in Resources */ = {isa = PBXBuildFile; fileRef = 84F99F0B184A1AEC00356DB3 /* category.png */; };
		84F99F14184A1AEC00356DB3 /* category@2x.png in Resources */ = {isa = PBXBuildFile; fileRef = 84F99F0C184A1AEC00356DB3 /* category@2x.png */; };
/* End PBXBuildFile section */

/* Begin PBXContainerItemProxy section */
		840644CB184992750065BCA4 /* PBXContainerItemProxy */ = {
			isa = PBXContainerItemProxy;
			containerPortal = 8406449D184992740065BCA4 /* Project object */;
			proxyType = 1;
			remoteGlobalIDString = 840644A4184992740065BCA4;
			remoteInfo = JKShop;
		};
/* End PBXContainerItemProxy section */

/* Begin PBXFileReference section */
		840644A5184992740065BCA4 /* JKShop.app */ = {isa = PBXFileReference; explicitFileType = wrapper.application; includeInIndex = 0; path = JKShop.app; sourceTree = BUILT_PRODUCTS_DIR; };
		840644A8184992740065BCA4 /* Foundation.framework */ = {isa = PBXFileReference; lastKnownFileType = wrapper.framework; name = Foundation.framework; path = System/Library/Frameworks/Foundation.framework; sourceTree = SDKROOT; };
		840644AA184992740065BCA4 /* CoreGraphics.framework */ = {isa = PBXFileReference; lastKnownFileType = wrapper.framework; name = CoreGraphics.framework; path = System/Library/Frameworks/CoreGraphics.framework; sourceTree = SDKROOT; };
		840644AC184992740065BCA4 /* UIKit.framework */ = {isa = PBXFileReference; lastKnownFileType = wrapper.framework; name = UIKit.framework; path = System/Library/Frameworks/UIKit.framework; sourceTree = SDKROOT; };
		840644AE184992750065BCA4 /* CoreData.framework */ = {isa = PBXFileReference; lastKnownFileType = wrapper.framework; name = CoreData.framework; path = System/Library/Frameworks/CoreData.framework; sourceTree = SDKROOT; };
		840644B2184992750065BCA4 /* JKShop-Info.plist */ = {isa = PBXFileReference; lastKnownFileType = text.plist.xml; path = "JKShop-Info.plist"; sourceTree = "<group>"; };
		840644B4184992750065BCA4 /* en */ = {isa = PBXFileReference; lastKnownFileType = text.plist.strings; name = en; path = en.lproj/InfoPlist.strings; sourceTree = "<group>"; };
		840644B6184992750065BCA4 /* main.m */ = {isa = PBXFileReference; lastKnownFileType = sourcecode.c.objc; path = main.m; sourceTree = "<group>"; };
		840644B8184992750065BCA4 /* JKShop-Prefix.pch */ = {isa = PBXFileReference; lastKnownFileType = sourcecode.c.h; path = "JKShop-Prefix.pch"; sourceTree = "<group>"; };
		840644BD184992750065BCA4 /* JKShop.xcdatamodel */ = {isa = PBXFileReference; lastKnownFileType = wrapper.xcdatamodel; path = JKShop.xcdatamodel; sourceTree = "<group>"; };
		840644BF184992750065BCA4 /* Images.xcassets */ = {isa = PBXFileReference; lastKnownFileType = folder.assetcatalog; path = Images.xcassets; sourceTree = "<group>"; };
		840644C5184992750065BCA4 /* JKShopTests.xctest */ = {isa = PBXFileReference; explicitFileType = wrapper.cfbundle; includeInIndex = 0; path = JKShopTests.xctest; sourceTree = BUILT_PRODUCTS_DIR; };
		840644C6184992750065BCA4 /* XCTest.framework */ = {isa = PBXFileReference; lastKnownFileType = wrapper.framework; name = XCTest.framework; path = Library/Frameworks/XCTest.framework; sourceTree = DEVELOPER_DIR; };
		840644CF184992750065BCA4 /* JKShopTests-Info.plist */ = {isa = PBXFileReference; lastKnownFileType = text.plist.xml; path = "JKShopTests-Info.plist"; sourceTree = "<group>"; };
		840644D1184992750065BCA4 /* en */ = {isa = PBXFileReference; lastKnownFileType = text.plist.strings; name = en; path = en.lproj/InfoPlist.strings; sourceTree = "<group>"; };
		840644D3184992750065BCA4 /* JKShopTests.m */ = {isa = PBXFileReference; lastKnownFileType = sourcecode.c.objc; path = JKShopTests.m; sourceTree = "<group>"; };
		8406450518499D880065BCA4 /* BaseAppDelegate.h */ = {isa = PBXFileReference; fileEncoding = 4; lastKnownFileType = sourcecode.c.h; name = BaseAppDelegate.h; path = Misc/BaseAppDelegate.h; sourceTree = "<group>"; };
		8406450618499D880065BCA4 /* BaseAppDelegate.m */ = {isa = PBXFileReference; fileEncoding = 4; lastKnownFileType = sourcecode.c.objc; name = BaseAppDelegate.m; path = Misc/BaseAppDelegate.m; sourceTree = "<group>"; };
		8406450718499D880065BCA4 /* JKAppDelegate.h */ = {isa = PBXFileReference; fileEncoding = 4; lastKnownFileType = sourcecode.c.h; name = JKAppDelegate.h; path = Misc/JKAppDelegate.h; sourceTree = "<group>"; };
		8406450818499D880065BCA4 /* JKAppDelegate.m */ = {isa = PBXFileReference; fileEncoding = 4; lastKnownFileType = sourcecode.c.objc; name = JKAppDelegate.m; path = Misc/JKAppDelegate.m; sourceTree = "<group>"; };
		8406450C18499DB60065BCA4 /* BaseDeviceLibrary.h */ = {isa = PBXFileReference; fileEncoding = 4; lastKnownFileType = sourcecode.c.h; name = BaseDeviceLibrary.h; path = Managers/TemplateClass/BaseDeviceLibrary.h; sourceTree = "<group>"; };
		8406450D18499DB60065BCA4 /* BaseDeviceLibrary.m */ = {isa = PBXFileReference; fileEncoding = 4; lastKnownFileType = sourcecode.c.objc; name = BaseDeviceLibrary.m; path = Managers/TemplateClass/BaseDeviceLibrary.m; sourceTree = "<group>"; };
		8406450E18499DB60065BCA4 /* BaseLocationManager.h */ = {isa = PBXFileReference; fileEncoding = 4; lastKnownFileType = sourcecode.c.h; name = BaseLocationManager.h; path = Managers/TemplateClass/BaseLocationManager.h; sourceTree = "<group>"; };
		8406450F18499DB60065BCA4 /* BaseLocationManager.m */ = {isa = PBXFileReference; fileEncoding = 4; lastKnownFileType = sourcecode.c.objc; name = BaseLocationManager.m; path = Managers/TemplateClass/BaseLocationManager.m; sourceTree = "<group>"; };
		8406451018499DB60065BCA4 /* BaseManager.h */ = {isa = PBXFileReference; fileEncoding = 4; lastKnownFileType = sourcecode.c.h; name = BaseManager.h; path = Managers/TemplateClass/BaseManager.h; sourceTree = "<group>"; };
		8406451118499DB60065BCA4 /* BaseManager.m */ = {isa = PBXFileReference; fileEncoding = 4; lastKnownFileType = sourcecode.c.objc; name = BaseManager.m; path = Managers/TemplateClass/BaseManager.m; sourceTree = "<group>"; };
		8406451218499DB60065BCA4 /* BaseNetworkManager.h */ = {isa = PBXFileReference; fileEncoding = 4; lastKnownFileType = sourcecode.c.h; name = BaseNetworkManager.h; path = Managers/TemplateClass/BaseNetworkManager.h; sourceTree = "<group>"; };
		8406451318499DB60065BCA4 /* BaseNetworkManager.m */ = {isa = PBXFileReference; fileEncoding = 4; lastKnownFileType = sourcecode.c.objc; name = BaseNetworkManager.m; path = Managers/TemplateClass/BaseNetworkManager.m; sourceTree = "<group>"; };
		8406451818499DB60065BCA4 /* FacebookManager.h */ = {isa = PBXFileReference; fileEncoding = 4; lastKnownFileType = sourcecode.c.h; name = FacebookManager.h; path = Managers/TemplateClass/FacebookManager.h; sourceTree = "<group>"; };
		8406451918499DB60065BCA4 /* FacebookManager.m */ = {isa = PBXFileReference; fileEncoding = 4; lastKnownFileType = sourcecode.c.objc; name = FacebookManager.m; path = Managers/TemplateClass/FacebookManager.m; sourceTree = "<group>"; };
		8406452218499DCE0065BCA4 /* AFDownloadRequestOperation.h */ = {isa = PBXFileReference; fileEncoding = 4; lastKnownFileType = sourcecode.c.h; path = AFDownloadRequestOperation.h; sourceTree = "<group>"; };
		8406452318499DCE0065BCA4 /* AFDownloadRequestOperation.m */ = {isa = PBXFileReference; fileEncoding = 4; lastKnownFileType = sourcecode.c.objc; path = AFDownloadRequestOperation.m; sourceTree = "<group>"; };
		8406452418499DCE0065BCA4 /* AFHTTPClient.h */ = {isa = PBXFileReference; fileEncoding = 4; lastKnownFileType = sourcecode.c.h; path = AFHTTPClient.h; sourceTree = "<group>"; };
		8406452518499DCE0065BCA4 /* AFHTTPClient.m */ = {isa = PBXFileReference; fileEncoding = 4; lastKnownFileType = sourcecode.c.objc; path = AFHTTPClient.m; sourceTree = "<group>"; };
		8406452618499DCE0065BCA4 /* AFHTTPRequestOperation.h */ = {isa = PBXFileReference; fileEncoding = 4; lastKnownFileType = sourcecode.c.h; path = AFHTTPRequestOperation.h; sourceTree = "<group>"; };
		8406452718499DCE0065BCA4 /* AFHTTPRequestOperation.m */ = {isa = PBXFileReference; fileEncoding = 4; lastKnownFileType = sourcecode.c.objc; path = AFHTTPRequestOperation.m; sourceTree = "<group>"; };
		8406452818499DCE0065BCA4 /* AFImageRequestOperation.h */ = {isa = PBXFileReference; fileEncoding = 4; lastKnownFileType = sourcecode.c.h; path = AFImageRequestOperation.h; sourceTree = "<group>"; };
		8406452918499DCE0065BCA4 /* AFImageRequestOperation.m */ = {isa = PBXFileReference; fileEncoding = 4; lastKnownFileType = sourcecode.c.objc; path = AFImageRequestOperation.m; sourceTree = "<group>"; };
		8406452A18499DCE0065BCA4 /* AFJSONRequestOperation.h */ = {isa = PBXFileReference; fileEncoding = 4; lastKnownFileType = sourcecode.c.h; path = AFJSONRequestOperation.h; sourceTree = "<group>"; };
		8406452B18499DCE0065BCA4 /* AFJSONRequestOperation.m */ = {isa = PBXFileReference; fileEncoding = 4; lastKnownFileType = sourcecode.c.objc; path = AFJSONRequestOperation.m; sourceTree = "<group>"; };
		8406452C18499DCE0065BCA4 /* AFJSONUtilities.h */ = {isa = PBXFileReference; fileEncoding = 4; lastKnownFileType = sourcecode.c.h; path = AFJSONUtilities.h; sourceTree = "<group>"; };
		8406452D18499DCE0065BCA4 /* AFJSONUtilities.m */ = {isa = PBXFileReference; fileEncoding = 4; lastKnownFileType = sourcecode.c.objc; path = AFJSONUtilities.m; sourceTree = "<group>"; };
		8406452E18499DCE0065BCA4 /* AFNetworkActivityIndicatorManager.h */ = {isa = PBXFileReference; fileEncoding = 4; lastKnownFileType = sourcecode.c.h; path = AFNetworkActivityIndicatorManager.h; sourceTree = "<group>"; };
		8406452F18499DCE0065BCA4 /* AFNetworkActivityIndicatorManager.m */ = {isa = PBXFileReference; fileEncoding = 4; lastKnownFileType = sourcecode.c.objc; path = AFNetworkActivityIndicatorManager.m; sourceTree = "<group>"; };
		8406453018499DCE0065BCA4 /* AFNetworking.h */ = {isa = PBXFileReference; fileEncoding = 4; lastKnownFileType = sourcecode.c.h; path = AFNetworking.h; sourceTree = "<group>"; };
		8406453118499DCE0065BCA4 /* AFPropertyListRequestOperation.h */ = {isa = PBXFileReference; fileEncoding = 4; lastKnownFileType = sourcecode.c.h; path = AFPropertyListRequestOperation.h; sourceTree = "<group>"; };
		8406453218499DCE0065BCA4 /* AFPropertyListRequestOperation.m */ = {isa = PBXFileReference; fileEncoding = 4; lastKnownFileType = sourcecode.c.objc; path = AFPropertyListRequestOperation.m; sourceTree = "<group>"; };
		8406453318499DCE0065BCA4 /* AFURLConnectionOperation.h */ = {isa = PBXFileReference; fileEncoding = 4; lastKnownFileType = sourcecode.c.h; path = AFURLConnectionOperation.h; sourceTree = "<group>"; };
		8406453418499DCE0065BCA4 /* AFURLConnectionOperation.m */ = {isa = PBXFileReference; fileEncoding = 4; lastKnownFileType = sourcecode.c.objc; path = AFURLConnectionOperation.m; sourceTree = "<group>"; };
		8406453518499DCE0065BCA4 /* AFXMLRequestOperation.h */ = {isa = PBXFileReference; fileEncoding = 4; lastKnownFileType = sourcecode.c.h; path = AFXMLRequestOperation.h; sourceTree = "<group>"; };
		8406453618499DCE0065BCA4 /* AFXMLRequestOperation.m */ = {isa = PBXFileReference; fileEncoding = 4; lastKnownFileType = sourcecode.c.objc; path = AFXMLRequestOperation.m; sourceTree = "<group>"; };
		8406453718499DCE0065BCA4 /* UIImageView+AFNetworking.h */ = {isa = PBXFileReference; fileEncoding = 4; lastKnownFileType = sourcecode.c.h; path = "UIImageView+AFNetworking.h"; sourceTree = "<group>"; };
		8406453818499DCE0065BCA4 /* UIImageView+AFNetworking.m */ = {isa = PBXFileReference; fileEncoding = 4; lastKnownFileType = sourcecode.c.objc; path = "UIImageView+AFNetworking.m"; sourceTree = "<group>"; };
		8406453A18499DCE0065BCA4 /* GAI.h */ = {isa = PBXFileReference; fileEncoding = 4; lastKnownFileType = sourcecode.c.h; path = GAI.h; sourceTree = "<group>"; };
		8406453B18499DCE0065BCA4 /* GAITrackedViewController.h */ = {isa = PBXFileReference; fileEncoding = 4; lastKnownFileType = sourcecode.c.h; path = GAITrackedViewController.h; sourceTree = "<group>"; };
		8406453C18499DCE0065BCA4 /* GAITracker.h */ = {isa = PBXFileReference; fileEncoding = 4; lastKnownFileType = sourcecode.c.h; path = GAITracker.h; sourceTree = "<group>"; };
		8406453D18499DCE0065BCA4 /* GAITransaction.h */ = {isa = PBXFileReference; fileEncoding = 4; lastKnownFileType = sourcecode.c.h; path = GAITransaction.h; sourceTree = "<group>"; };
		8406453E18499DCE0065BCA4 /* GAITransactionItem.h */ = {isa = PBXFileReference; fileEncoding = 4; lastKnownFileType = sourcecode.c.h; path = GAITransactionItem.h; sourceTree = "<group>"; };
		8406453F18499DCE0065BCA4 /* libGoogleAnalytics.a */ = {isa = PBXFileReference; lastKnownFileType = archive.ar; path = libGoogleAnalytics.a; sourceTree = "<group>"; };
		8406454118499DCE0065BCA4 /* IISideController.h */ = {isa = PBXFileReference; fileEncoding = 4; lastKnownFileType = sourcecode.c.h; path = IISideController.h; sourceTree = "<group>"; };
		8406454218499DCE0065BCA4 /* IISideController.m */ = {isa = PBXFileReference; fileEncoding = 4; lastKnownFileType = sourcecode.c.objc; path = IISideController.m; sourceTree = "<group>"; };
		8406454318499DCE0065BCA4 /* IIViewDeckController.h */ = {isa = PBXFileReference; fileEncoding = 4; lastKnownFileType = sourcecode.c.h; path = IIViewDeckController.h; sourceTree = "<group>"; };
		8406454418499DCE0065BCA4 /* IIViewDeckController.m */ = {isa = PBXFileReference; fileEncoding = 4; lastKnownFileType = sourcecode.c.objc; path = IIViewDeckController.m; sourceTree = "<group>"; };
		8406454518499DCE0065BCA4 /* IIWrapController.h */ = {isa = PBXFileReference; fileEncoding = 4; lastKnownFileType = sourcecode.c.h; path = IIWrapController.h; sourceTree = "<group>"; };
		8406454618499DCE0065BCA4 /* IIWrapController.m */ = {isa = PBXFileReference; fileEncoding = 4; lastKnownFileType = sourcecode.c.objc; path = IIWrapController.m; sourceTree = "<group>"; };
		8406455718499DF00065BCA4 /* BaseTableViewController.h */ = {isa = PBXFileReference; fileEncoding = 4; lastKnownFileType = sourcecode.c.h; path = BaseTableViewController.h; sourceTree = "<group>"; };
		8406455818499DF00065BCA4 /* BaseTableViewController.m */ = {isa = PBXFileReference; fileEncoding = 4; lastKnownFileType = sourcecode.c.objc; path = BaseTableViewController.m; sourceTree = "<group>"; };
		8406455918499DF00065BCA4 /* BaseViewController.h */ = {isa = PBXFileReference; fileEncoding = 4; lastKnownFileType = sourcecode.c.h; path = BaseViewController.h; sourceTree = "<group>"; };
		8406455A18499DF00065BCA4 /* BaseViewController.m */ = {isa = PBXFileReference; fileEncoding = 4; lastKnownFileType = sourcecode.c.objc; path = BaseViewController.m; sourceTree = "<group>"; };
		8406455F1849A0200065BCA4 /* MapKit.framework */ = {isa = PBXFileReference; lastKnownFileType = wrapper.framework; name = MapKit.framework; path = System/Library/Frameworks/MapKit.framework; sourceTree = SDKROOT; };
		840645611849A0930065BCA4 /* QuartzCore.framework */ = {isa = PBXFileReference; lastKnownFileType = wrapper.framework; name = QuartzCore.framework; path = System/Library/Frameworks/QuartzCore.framework; sourceTree = SDKROOT; };
		840645811849A1EE0065BCA4 /* FacebookSDK.framework */ = {isa = PBXFileReference; lastKnownFileType = wrapper.framework; path = FacebookSDK.framework; sourceTree = "<group>"; };
		840645821849A1EE0065BCA4 /* SDWebImage.framework */ = {isa = PBXFileReference; lastKnownFileType = wrapper.framework; path = SDWebImage.framework; sourceTree = "<group>"; };
		840645861849A8210065BCA4 /* AFUrbanAirshipClient.h */ = {isa = PBXFileReference; fileEncoding = 4; lastKnownFileType = sourcecode.c.h; path = AFUrbanAirshipClient.h; sourceTree = "<group>"; };
		840645871849A8210065BCA4 /* AFUrbanAirshipClient.m */ = {isa = PBXFileReference; fileEncoding = 4; lastKnownFileType = sourcecode.c.objc; path = AFUrbanAirshipClient.m; sourceTree = "<group>"; };
		8406458C1849AB1E0065BCA4 /* SystemConfiguration.framework */ = {isa = PBXFileReference; lastKnownFileType = wrapper.framework; name = SystemConfiguration.framework; path = System/Library/Frameworks/SystemConfiguration.framework; sourceTree = SDKROOT; };
		8406458E1849ABC90065BCA4 /* UIAlertView+Additions.h */ = {isa = PBXFileReference; fileEncoding = 4; lastKnownFileType = sourcecode.c.h; name = "UIAlertView+Additions.h"; path = "Categories/UIAlertView+Additions.h"; sourceTree = "<group>"; };
		8406458F1849ABC90065BCA4 /* UIAlertView+Additions.m */ = {isa = PBXFileReference; fileEncoding = 4; lastKnownFileType = sourcecode.c.objc; name = "UIAlertView+Additions.m"; path = "Categories/UIAlertView+Additions.m"; sourceTree = "<group>"; };
		840645921849AC010065BCA4 /* Crittercism.h */ = {isa = PBXFileReference; fileEncoding = 4; lastKnownFileType = sourcecode.c.h; path = Crittercism.h; sourceTree = "<group>"; };
		840645931849AC010065BCA4 /* CrittercismDelegate.h */ = {isa = PBXFileReference; fileEncoding = 4; lastKnownFileType = sourcecode.c.h; path = CrittercismDelegate.h; sourceTree = "<group>"; };
		840645941849AC010065BCA4 /* libCrittercism_v3_5_1.a */ = {isa = PBXFileReference; lastKnownFileType = archive.ar; path = libCrittercism_v3_5_1.a; sourceTree = "<group>"; };
		840645961849B03A0065BCA4 /* CoreLocation.framework */ = {isa = PBXFileReference; lastKnownFileType = wrapper.framework; name = CoreLocation.framework; path = System/Library/Frameworks/CoreLocation.framework; sourceTree = SDKROOT; };
		8406459E1849B2770065BCA4 /* home.jpg */ = {isa = PBXFileReference; lastKnownFileType = image.jpeg; name = home.jpg; path = Resources/Home/home.jpg; sourceTree = "<group>"; };
		840645A11849B8CA0065BCA4 /* JKHomeViewController.h */ = {isa = PBXFileReference; fileEncoding = 4; lastKnownFileType = sourcecode.c.h; name = JKHomeViewController.h; path = Controllers/HomeViewController/JKHomeViewController.h; sourceTree = "<group>"; };
		840645A21849B8CA0065BCA4 /* JKHomeViewController.m */ = {isa = PBXFileReference; fileEncoding = 4; lastKnownFileType = sourcecode.c.objc; name = JKHomeViewController.m; path = Controllers/HomeViewController/JKHomeViewController.m; sourceTree = "<group>"; };
		840645A31849B8CA0065BCA4 /* JKHomeViewController.xib */ = {isa = PBXFileReference; fileEncoding = 4; lastKnownFileType = file.xib; name = JKHomeViewController.xib; path = Controllers/HomeViewController/JKHomeViewController.xib; sourceTree = "<group>"; };
		840645A71849B9030065BCA4 /* JKLeftMenuViewController.h */ = {isa = PBXFileReference; fileEncoding = 4; lastKnownFileType = sourcecode.c.h; name = JKLeftMenuViewController.h; path = Controllers/ViewDeckLeftMenu/JKLeftMenuViewController.h; sourceTree = "<group>"; };
		840645A81849B9030065BCA4 /* JKLeftMenuViewController.m */ = {isa = PBXFileReference; fileEncoding = 4; lastKnownFileType = sourcecode.c.objc; name = JKLeftMenuViewController.m; path = Controllers/ViewDeckLeftMenu/JKLeftMenuViewController.m; sourceTree = "<group>"; };
		840645A91849B9030065BCA4 /* JKLeftMenuViewController.xib */ = {isa = PBXFileReference; fileEncoding = 4; lastKnownFileType = file.xib; name = JKLeftMenuViewController.xib; path = Controllers/ViewDeckLeftMenu/JKLeftMenuViewController.xib; sourceTree = "<group>"; };
		840645AC1849BA780065BCA4 /* JKSidebarMenuTableViewCell.h */ = {isa = PBXFileReference; fileEncoding = 4; lastKnownFileType = sourcecode.c.h; name = JKSidebarMenuTableViewCell.h; path = Controllers/ViewDeckLeftMenu/JKSidebarMenuTableViewCell.h; sourceTree = "<group>"; };
		840645AD1849BA780065BCA4 /* JKSidebarMenuTableViewCell.m */ = {isa = PBXFileReference; fileEncoding = 4; lastKnownFileType = sourcecode.c.objc; name = JKSidebarMenuTableViewCell.m; path = Controllers/ViewDeckLeftMenu/JKSidebarMenuTableViewCell.m; sourceTree = "<group>"; };
		840645AF1849BB390065BCA4 /* JKSidebarMenuTableViewCell.xib */ = {isa = PBXFileReference; fileEncoding = 4; lastKnownFileType = file.xib; name = JKSidebarMenuTableViewCell.xib; path = Controllers/ViewDeckLeftMenu/JKSidebarMenuTableViewCell.xib; sourceTree = "<group>"; };
		840645B11849BE190065BCA4 /* UIImage+Additions.h */ = {isa = PBXFileReference; fileEncoding = 4; lastKnownFileType = sourcecode.c.h; name = "UIImage+Additions.h"; path = "Categories/UIImage+Additions.h"; sourceTree = "<group>"; };
		840645B21849BE190065BCA4 /* UIImage+Additions.m */ = {isa = PBXFileReference; fileEncoding = 4; lastKnownFileType = sourcecode.c.objc; name = "UIImage+Additions.m"; path = "Categories/UIImage+Additions.m"; sourceTree = "<group>"; };
		840645B41849BE5B0065BCA4 /* UIColor+Custom.h */ = {isa = PBXFileReference; fileEncoding = 4; lastKnownFileType = sourcecode.c.h; name = "UIColor+Custom.h"; path = "Categories/UIColor+Custom.h"; sourceTree = "<group>"; };
		840645B51849BE5B0065BCA4 /* UIColor+Custom.m */ = {isa = PBXFileReference; fileEncoding = 4; lastKnownFileType = sourcecode.c.objc; name = "UIColor+Custom.m"; path = "Categories/UIColor+Custom.m"; sourceTree = "<group>"; };
		840645B61849BE5B0065BCA4 /* UIColor+Hex.h */ = {isa = PBXFileReference; fileEncoding = 4; lastKnownFileType = sourcecode.c.h; name = "UIColor+Hex.h"; path = "Categories/UIColor+Hex.h"; sourceTree = "<group>"; };
		840645B71849BE5B0065BCA4 /* UIColor+Hex.m */ = {isa = PBXFileReference; fileEncoding = 4; lastKnownFileType = sourcecode.c.objc; name = "UIColor+Hex.m"; path = "Categories/UIColor+Hex.m"; sourceTree = "<group>"; };
		840645BA1849BF260065BCA4 /* JKLeftMenuSectionHeader.h */ = {isa = PBXFileReference; fileEncoding = 4; lastKnownFileType = sourcecode.c.h; name = JKLeftMenuSectionHeader.h; path = Controllers/ViewDeckLeftMenu/JKLeftMenuSectionHeader.h; sourceTree = "<group>"; };
		840645BB1849BF260065BCA4 /* JKLeftMenuSectionHeader.m */ = {isa = PBXFileReference; fileEncoding = 4; lastKnownFileType = sourcecode.c.objc; name = JKLeftMenuSectionHeader.m; path = Controllers/ViewDeckLeftMenu/JKLeftMenuSectionHeader.m; sourceTree = "<group>"; };
		840645BD1849BF430065BCA4 /* JKLeftMenuSectionHeader.xib */ = {isa = PBXFileReference; fileEncoding = 4; lastKnownFileType = file.xib; path = JKLeftMenuSectionHeader.xib; sourceTree = "<group>"; };
		840645BF1849C2A00065BCA4 /* JKHelperManager.h */ = {isa = PBXFileReference; fileEncoding = 4; lastKnownFileType = sourcecode.c.h; name = JKHelperManager.h; path = Managers/JKHelperManager.h; sourceTree = "<group>"; };
		840645C01849C2A00065BCA4 /* JKHelperManager.m */ = {isa = PBXFileReference; fileEncoding = 4; lastKnownFileType = sourcecode.c.objc; name = JKHelperManager.m; path = Managers/JKHelperManager.m; sourceTree = "<group>"; };
		840645C21849C3780065BCA4 /* JKHTTPClient.h */ = {isa = PBXFileReference; fileEncoding = 4; lastKnownFileType = sourcecode.c.h; name = JKHTTPClient.h; path = Models/JKHTTPClient.h; sourceTree = "<group>"; };
		840645C31849C3780065BCA4 /* JKHTTPClient.m */ = {isa = PBXFileReference; fileEncoding = 4; lastKnownFileType = sourcecode.c.objc; name = JKHTTPClient.m; path = Models/JKHTTPClient.m; sourceTree = "<group>"; };
		840645C61849C7FA0065BCA4 /* JKNavigationViewController.h */ = {isa = PBXFileReference; fileEncoding = 4; lastKnownFileType = sourcecode.c.h; name = JKNavigationViewController.h; path = Controllers/NavigationController/JKNavigationViewController.h; sourceTree = "<group>"; };
		840645CC1849C8A40065BCA4 /* left-nav-button.png */ = {isa = PBXFileReference; lastKnownFileType = image.png; name = "left-nav-button.png"; path = "Resources/Navigation/left-nav-button.png"; sourceTree = "<group>"; };
		840645CD1849C8A40065BCA4 /* left-nav-button@2x.png */ = {isa = PBXFileReference; lastKnownFileType = image.png; name = "left-nav-button@2x.png"; path = "Resources/Navigation/left-nav-button@2x.png"; sourceTree = "<group>"; };
		840645CE1849C8A40065BCA4 /* navbg.png */ = {isa = PBXFileReference; lastKnownFileType = image.png; name = navbg.png; path = Resources/Navigation/navbg.png; sourceTree = "<group>"; };
		840645CF1849C8A40065BCA4 /* navbg@2x.png */ = {isa = PBXFileReference; lastKnownFileType = image.png; name = "navbg@2x.png"; path = "Resources/Navigation/navbg@2x.png"; sourceTree = "<group>"; };
		840645D41849CB220065BCA4 /* JKNavigationViewController.m */ = {isa = PBXFileReference; fileEncoding = 4; lastKnownFileType = sourcecode.c.objc; name = JKNavigationViewController.m; path = Controllers/NavigationController/JKNavigationViewController.m; sourceTree = "<group>"; };
		840645D51849CB220065BCA4 /* JKNavigationViewController.xib */ = {isa = PBXFileReference; fileEncoding = 4; lastKnownFileType = file.xib; name = JKNavigationViewController.xib; path = Controllers/NavigationController/JKNavigationViewController.xib; sourceTree = "<group>"; };
		840645D91849CC2C0065BCA4 /* JKMapViewController.h */ = {isa = PBXFileReference; fileEncoding = 4; lastKnownFileType = sourcecode.c.h; name = JKMapViewController.h; path = Controllers/MapViewController/JKMapViewController.h; sourceTree = "<group>"; };
		840645DA1849CC2C0065BCA4 /* JKMapViewController.m */ = {isa = PBXFileReference; fileEncoding = 4; lastKnownFileType = sourcecode.c.objc; name = JKMapViewController.m; path = Controllers/MapViewController/JKMapViewController.m; sourceTree = "<group>"; };
		840645DB1849CC2C0065BCA4 /* JKMapViewController.xib */ = {isa = PBXFileReference; fileEncoding = 4; lastKnownFileType = file.xib; name = JKMapViewController.xib; path = Controllers/MapViewController/JKMapViewController.xib; sourceTree = "<group>"; };
		840645DF1849CCAE0065BCA4 /* SVProgressHUD.bundle */ = {isa = PBXFileReference; lastKnownFileType = "wrapper.plug-in"; path = SVProgressHUD.bundle; sourceTree = "<group>"; };
		840645E01849CCAE0065BCA4 /* SVProgressHUD.h */ = {isa = PBXFileReference; fileEncoding = 4; lastKnownFileType = sourcecode.c.h; path = SVProgressHUD.h; sourceTree = "<group>"; };
		840645E11849CCAE0065BCA4 /* SVProgressHUD.m */ = {isa = PBXFileReference; fileEncoding = 4; lastKnownFileType = sourcecode.c.objc; path = SVProgressHUD.m; sourceTree = "<group>"; };
		840645E61849DA870065BCA4 /* ImageIO.framework */ = {isa = PBXFileReference; lastKnownFileType = wrapper.framework; name = ImageIO.framework; path = System/Library/Frameworks/ImageIO.framework; sourceTree = SDKROOT; };
		840645E81849DAF90065BCA4 /* GLKit.framework */ = {isa = PBXFileReference; lastKnownFileType = wrapper.framework; name = GLKit.framework; path = System/Library/Frameworks/GLKit.framework; sourceTree = SDKROOT; };
		840645EA1849DBA50065BCA4 /* OpenGLES.framework */ = {isa = PBXFileReference; lastKnownFileType = wrapper.framework; name = OpenGLES.framework; path = System/Library/Frameworks/OpenGLES.framework; sourceTree = SDKROOT; };
		840645EC1849DBB70065BCA4 /* CoreText.framework */ = {isa = PBXFileReference; lastKnownFileType = wrapper.framework; name = CoreText.framework; path = System/Library/Frameworks/CoreText.framework; sourceTree = SDKROOT; };
		840645EE1849DBEA0065BCA4 /* FacebookSDKOverrides.bundle */ = {isa = PBXFileReference; lastKnownFileType = "wrapper.plug-in"; path = FacebookSDKOverrides.bundle; sourceTree = "<group>"; };
		840645F21849DDA80065BCA4 /* MobileCoreServices.framework */ = {isa = PBXFileReference; lastKnownFileType = wrapper.framework; name = MobileCoreServices.framework; path = System/Library/Frameworks/MobileCoreServices.framework; sourceTree = SDKROOT; };
		840645F61849DFDD0065BCA4 /* GoogleMaps.framework */ = {isa = PBXFileReference; lastKnownFileType = wrapper.framework; path = GoogleMaps.framework; sourceTree = "<group>"; };
		84F99F05184A1AEC00356DB3 /* setting.png */ = {isa = PBXFileReference; lastKnownFileType = image.png; name = setting.png; path = Resources/SidebarSection/setting.png; sourceTree = "<group>"; };
		84F99F06184A1AEC00356DB3 /* setting@2x.png */ = {isa = PBXFileReference; lastKnownFileType = image.png; name = "setting@2x.png"; path = "Resources/SidebarSection/setting@2x.png"; sourceTree = "<group>"; };
		84F99F07184A1AEC00356DB3 /* info.png */ = {isa = PBXFileReference; lastKnownFileType = image.png; name = info.png; path = Resources/SidebarSection/info.png; sourceTree = "<group>"; };
		84F99F08184A1AEC00356DB3 /* info@2x.png */ = {isa = PBXFileReference; lastKnownFileType = image.png; name = "info@2x.png"; path = "Resources/SidebarSection/info@2x.png"; sourceTree = "<group>"; };
		84F99F09184A1AEC00356DB3 /* star.png */ = {isa = PBXFileReference; lastKnownFileType = image.png; name = star.png; path = Resources/SidebarSection/star.png; sourceTree = "<group>"; };
		84F99F0A184A1AEC00356DB3 /* star@2x.png */ = {isa = PBXFileReference; lastKnownFileType = image.png; name = "star@2x.png"; path = "Resources/SidebarSection/star@2x.png"; sourceTree = "<group>"; };
		84F99F0B184A1AEC00356DB3 /* category.png */ = {isa = PBXFileReference; lastKnownFileType = image.png; name = category.png; path = Resources/SidebarSection/category.png; sourceTree = "<group>"; };
		84F99F0C184A1AEC00356DB3 /* category@2x.png */ = {isa = PBXFileReference; lastKnownFileType = image.png; name = "category@2x.png"; path = "Resources/SidebarSection/category@2x.png"; sourceTree = "<group>"; };
/* End PBXFileReference section */

/* Begin PBXFrameworksBuildPhase section */
		840644A2184992740065BCA4 /* Frameworks */ = {
			isa = PBXFrameworksBuildPhase;
			buildActionMask = 2147483647;
			files = (
				840645F31849DDA80065BCA4 /* MobileCoreServices.framework in Frameworks */,
				840645971849B03A0065BCA4 /* CoreLocation.framework in Frameworks */,
				840645ED1849DBB70065BCA4 /* CoreText.framework in Frameworks */,
				840645EB1849DBA50065BCA4 /* OpenGLES.framework in Frameworks */,
				840645E91849DAF90065BCA4 /* GLKit.framework in Frameworks */,
				840645E71849DA870065BCA4 /* ImageIO.framework in Frameworks */,
				8406458D1849AB1E0065BCA4 /* SystemConfiguration.framework in Frameworks */,
				840645951849AC010065BCA4 /* libCrittercism_v3_5_1.a in Frameworks */,
				840645831849A1EE0065BCA4 /* FacebookSDK.framework in Frameworks */,
				840645841849A1EE0065BCA4 /* SDWebImage.framework in Frameworks */,
				840645621849A0930065BCA4 /* QuartzCore.framework in Frameworks */,
				840645601849A0200065BCA4 /* MapKit.framework in Frameworks */,
				840644AB184992740065BCA4 /* CoreGraphics.framework in Frameworks */,
				840644AF184992750065BCA4 /* CoreData.framework in Frameworks */,
				840644AD184992750065BCA4 /* UIKit.framework in Frameworks */,
				840644A9184992740065BCA4 /* Foundation.framework in Frameworks */,
				8406455218499DCE0065BCA4 /* libGoogleAnalytics.a in Frameworks */,
			);
			runOnlyForDeploymentPostprocessing = 0;
		};
		840644C2184992750065BCA4 /* Frameworks */ = {
			isa = PBXFrameworksBuildPhase;
			buildActionMask = 2147483647;
			files = (
				840644C7184992750065BCA4 /* XCTest.framework in Frameworks */,
				840644CA184992750065BCA4 /* CoreData.framework in Frameworks */,
				840644C9184992750065BCA4 /* UIKit.framework in Frameworks */,
				840644C8184992750065BCA4 /* Foundation.framework in Frameworks */,
			);
			runOnlyForDeploymentPostprocessing = 0;
		};
/* End PBXFrameworksBuildPhase section */

/* Begin PBXGroup section */
		8406449C184992740065BCA4 = {
			isa = PBXGroup;
			children = (
				840644B0184992750065BCA4 /* JKShop */,
				840644CD184992750065BCA4 /* JKShopTests */,
				840644A7184992740065BCA4 /* Frameworks */,
				840644A6184992740065BCA4 /* Products */,
			);
			sourceTree = "<group>";
		};
		840644A6184992740065BCA4 /* Products */ = {
			isa = PBXGroup;
			children = (
				840644A5184992740065BCA4 /* JKShop.app */,
				840644C5184992750065BCA4 /* JKShopTests.xctest */,
			);
			name = Products;
			sourceTree = "<group>";
		};
		840644A7184992740065BCA4 /* Frameworks */ = {
			isa = PBXGroup;
			children = (
				840645F61849DFDD0065BCA4 /* GoogleMaps.framework */,
				840645F21849DDA80065BCA4 /* MobileCoreServices.framework */,
				840645EE1849DBEA0065BCA4 /* FacebookSDKOverrides.bundle */,
				840645EC1849DBB70065BCA4 /* CoreText.framework */,
				840645EA1849DBA50065BCA4 /* OpenGLES.framework */,
				840645E81849DAF90065BCA4 /* GLKit.framework */,
				840645E61849DA870065BCA4 /* ImageIO.framework */,
				840645961849B03A0065BCA4 /* CoreLocation.framework */,
				8406458C1849AB1E0065BCA4 /* SystemConfiguration.framework */,
				840645811849A1EE0065BCA4 /* FacebookSDK.framework */,
				840645821849A1EE0065BCA4 /* SDWebImage.framework */,
				840645611849A0930065BCA4 /* QuartzCore.framework */,
				8406455F1849A0200065BCA4 /* MapKit.framework */,
				840644A8184992740065BCA4 /* Foundation.framework */,
				840644AA184992740065BCA4 /* CoreGraphics.framework */,
				840644AC184992740065BCA4 /* UIKit.framework */,
				840644AE184992750065BCA4 /* CoreData.framework */,
				840644C6184992750065BCA4 /* XCTest.framework */,
			);
			name = Frameworks;
			sourceTree = "<group>";
		};
		840644B0184992750065BCA4 /* JKShop */ = {
			isa = PBXGroup;
			children = (
				840644DD184996710065BCA4 /* Categories */,
				840644DE1849967B0065BCA4 /* Controllers */,
				840644E0184996910065BCA4 /* Managers */,
				840644E4184996CD0065BCA4 /* Misc */,
				840644E2184996B40065BCA4 /* Models */,
				840644E1184996A80065BCA4 /* NIBs */,
				840644E3184996B90065BCA4 /* Vendors */,
				840644DF184996880065BCA4 /* Resources */,
				840644B1184992750065BCA4 /* Supporting Files */,
			);
			path = JKShop;
			sourceTree = "<group>";
		};
		840644B1184992750065BCA4 /* Supporting Files */ = {
			isa = PBXGroup;
			children = (
				840644B2184992750065BCA4 /* JKShop-Info.plist */,
				840644BC184992750065BCA4 /* JKShop.xcdatamodeld */,
				840644B3184992750065BCA4 /* InfoPlist.strings */,
				840644B6184992750065BCA4 /* main.m */,
				840644B8184992750065BCA4 /* JKShop-Prefix.pch */,
			);
			name = "Supporting Files";
			sourceTree = "<group>";
		};
		840644CD184992750065BCA4 /* JKShopTests */ = {
			isa = PBXGroup;
			children = (
				840644D3184992750065BCA4 /* JKShopTests.m */,
				840644CE184992750065BCA4 /* Supporting Files */,
			);
			path = JKShopTests;
			sourceTree = "<group>";
		};
		840644CE184992750065BCA4 /* Supporting Files */ = {
			isa = PBXGroup;
			children = (
				840644CF184992750065BCA4 /* JKShopTests-Info.plist */,
				840644D0184992750065BCA4 /* InfoPlist.strings */,
			);
			name = "Supporting Files";
			sourceTree = "<group>";
		};
		840644DD184996710065BCA4 /* Categories */ = {
			isa = PBXGroup;
			children = (
				840645B41849BE5B0065BCA4 /* UIColor+Custom.h */,
				840645B51849BE5B0065BCA4 /* UIColor+Custom.m */,
				840645B61849BE5B0065BCA4 /* UIColor+Hex.h */,
				840645B71849BE5B0065BCA4 /* UIColor+Hex.m */,
				840645B11849BE190065BCA4 /* UIImage+Additions.h */,
				840645B21849BE190065BCA4 /* UIImage+Additions.m */,
				8406458E1849ABC90065BCA4 /* UIAlertView+Additions.h */,
				8406458F1849ABC90065BCA4 /* UIAlertView+Additions.m */,
			);
			name = Categories;
			sourceTree = "<group>";
		};
		840644DE1849967B0065BCA4 /* Controllers */ = {
			isa = PBXGroup;
			children = (
				840645D81849CBF70065BCA4 /* MapViewController */,
				840645C51849C7CC0065BCA4 /* NavigationController */,
				840645A61849B8D30065BCA4 /* ViewDeckLeftMenu */,
				840645A01849B88E0065BCA4 /* HomeViewController */,
				8406455618499DF00065BCA4 /* BaseViewController */,
			);
			name = Controllers;
			sourceTree = "<group>";
		};
		840644DF184996880065BCA4 /* Resources */ = {
			isa = PBXGroup;
			children = (
				84F99F04184A1A3300356DB3 /* SidebarSection */,
				840645CB1849C8850065BCA4 /* Navigation */,
				8406459D1849B26B0065BCA4 /* Home */,
				840644BF184992750065BCA4 /* Images.xcassets */,
			);
			name = Resources;
			sourceTree = "<group>";
		};
		840644E0184996910065BCA4 /* Managers */ = {
			isa = PBXGroup;
			children = (
				8406450B18499DA60065BCA4 /* Template Classes */,
				840645BF1849C2A00065BCA4 /* JKHelperManager.h */,
				840645C01849C2A00065BCA4 /* JKHelperManager.m */,
			);
			name = Managers;
			sourceTree = "<group>";
		};
		840644E1184996A80065BCA4 /* NIBs */ = {
			isa = PBXGroup;
			children = (
			);
			name = NIBs;
			sourceTree = "<group>";
		};
		840644E2184996B40065BCA4 /* Models */ = {
			isa = PBXGroup;
			children = (
				840645C21849C3780065BCA4 /* JKHTTPClient.h */,
				840645C31849C3780065BCA4 /* JKHTTPClient.m */,
			);
			name = Models;
			sourceTree = "<group>";
		};
		840644E3184996B90065BCA4 /* Vendors */ = {
			isa = PBXGroup;
			children = (
				840645DE1849CCAE0065BCA4 /* SVProgressHUD */,
				840645911849AC010065BCA4 /* CrittercismSDK */,
				840645851849A8210065BCA4 /* AFUrbanAirshipClient */,
				8406452118499DCE0065BCA4 /* AFNetworking */,
				8406453918499DCE0065BCA4 /* Google Analytics */,
				8406454018499DCE0065BCA4 /* ViewDeck */,
			);
			name = Vendors;
			sourceTree = "<group>";
		};
		840644E4184996CD0065BCA4 /* Misc */ = {
			isa = PBXGroup;
			children = (
				8406450518499D880065BCA4 /* BaseAppDelegate.h */,
				8406450618499D880065BCA4 /* BaseAppDelegate.m */,
				8406450718499D880065BCA4 /* JKAppDelegate.h */,
				8406450818499D880065BCA4 /* JKAppDelegate.m */,
			);
			name = Misc;
			sourceTree = "<group>";
		};
		8406450B18499DA60065BCA4 /* Template Classes */ = {
			isa = PBXGroup;
			children = (
				8406450C18499DB60065BCA4 /* BaseDeviceLibrary.h */,
				8406450D18499DB60065BCA4 /* BaseDeviceLibrary.m */,
				8406450E18499DB60065BCA4 /* BaseLocationManager.h */,
				8406450F18499DB60065BCA4 /* BaseLocationManager.m */,
				8406451018499DB60065BCA4 /* BaseManager.h */,
				8406451118499DB60065BCA4 /* BaseManager.m */,
				8406451218499DB60065BCA4 /* BaseNetworkManager.h */,
				8406451318499DB60065BCA4 /* BaseNetworkManager.m */,
				8406451818499DB60065BCA4 /* FacebookManager.h */,
				8406451918499DB60065BCA4 /* FacebookManager.m */,
			);
			name = "Template Classes";
			sourceTree = "<group>";
		};
		8406452118499DCE0065BCA4 /* AFNetworking */ = {
			isa = PBXGroup;
			children = (
				8406452218499DCE0065BCA4 /* AFDownloadRequestOperation.h */,
				8406452318499DCE0065BCA4 /* AFDownloadRequestOperation.m */,
				8406452418499DCE0065BCA4 /* AFHTTPClient.h */,
				8406452518499DCE0065BCA4 /* AFHTTPClient.m */,
				8406452618499DCE0065BCA4 /* AFHTTPRequestOperation.h */,
				8406452718499DCE0065BCA4 /* AFHTTPRequestOperation.m */,
				8406452818499DCE0065BCA4 /* AFImageRequestOperation.h */,
				8406452918499DCE0065BCA4 /* AFImageRequestOperation.m */,
				8406452A18499DCE0065BCA4 /* AFJSONRequestOperation.h */,
				8406452B18499DCE0065BCA4 /* AFJSONRequestOperation.m */,
				8406452C18499DCE0065BCA4 /* AFJSONUtilities.h */,
				8406452D18499DCE0065BCA4 /* AFJSONUtilities.m */,
				8406452E18499DCE0065BCA4 /* AFNetworkActivityIndicatorManager.h */,
				8406452F18499DCE0065BCA4 /* AFNetworkActivityIndicatorManager.m */,
				8406453018499DCE0065BCA4 /* AFNetworking.h */,
				8406453118499DCE0065BCA4 /* AFPropertyListRequestOperation.h */,
				8406453218499DCE0065BCA4 /* AFPropertyListRequestOperation.m */,
				8406453318499DCE0065BCA4 /* AFURLConnectionOperation.h */,
				8406453418499DCE0065BCA4 /* AFURLConnectionOperation.m */,
				8406453518499DCE0065BCA4 /* AFXMLRequestOperation.h */,
				8406453618499DCE0065BCA4 /* AFXMLRequestOperation.m */,
				8406453718499DCE0065BCA4 /* UIImageView+AFNetworking.h */,
				8406453818499DCE0065BCA4 /* UIImageView+AFNetworking.m */,
			);
			name = AFNetworking;
			path = Vendors/AFNetworking;
			sourceTree = "<group>";
		};
		8406453918499DCE0065BCA4 /* Google Analytics */ = {
			isa = PBXGroup;
			children = (
				8406453A18499DCE0065BCA4 /* GAI.h */,
				8406453B18499DCE0065BCA4 /* GAITrackedViewController.h */,
				8406453C18499DCE0065BCA4 /* GAITracker.h */,
				8406453D18499DCE0065BCA4 /* GAITransaction.h */,
				8406453E18499DCE0065BCA4 /* GAITransactionItem.h */,
				8406453F18499DCE0065BCA4 /* libGoogleAnalytics.a */,
			);
			name = "Google Analytics";
			path = "Vendors/Google Analytics";
			sourceTree = "<group>";
		};
		8406454018499DCE0065BCA4 /* ViewDeck */ = {
			isa = PBXGroup;
			children = (
				8406454118499DCE0065BCA4 /* IISideController.h */,
				8406454218499DCE0065BCA4 /* IISideController.m */,
				8406454318499DCE0065BCA4 /* IIViewDeckController.h */,
				8406454418499DCE0065BCA4 /* IIViewDeckController.m */,
				8406454518499DCE0065BCA4 /* IIWrapController.h */,
				8406454618499DCE0065BCA4 /* IIWrapController.m */,
			);
			name = ViewDeck;
			path = Vendors/ViewDeck;
			sourceTree = "<group>";
		};
		8406455618499DF00065BCA4 /* BaseViewController */ = {
			isa = PBXGroup;
			children = (
				8406455718499DF00065BCA4 /* BaseTableViewController.h */,
				8406455818499DF00065BCA4 /* BaseTableViewController.m */,
				8406455918499DF00065BCA4 /* BaseViewController.h */,
				8406455A18499DF00065BCA4 /* BaseViewController.m */,
			);
			name = BaseViewController;
			path = Controllers/BaseViewController;
			sourceTree = "<group>";
		};
		840645851849A8210065BCA4 /* AFUrbanAirshipClient */ = {
			isa = PBXGroup;
			children = (
				840645861849A8210065BCA4 /* AFUrbanAirshipClient.h */,
				840645871849A8210065BCA4 /* AFUrbanAirshipClient.m */,
			);
			path = AFUrbanAirshipClient;
			sourceTree = "<group>";
		};
		840645911849AC010065BCA4 /* CrittercismSDK */ = {
			isa = PBXGroup;
			children = (
				840645921849AC010065BCA4 /* Crittercism.h */,
				840645931849AC010065BCA4 /* CrittercismDelegate.h */,
				840645941849AC010065BCA4 /* libCrittercism_v3_5_1.a */,
			);
			name = CrittercismSDK;
			path = Vendors/CrittercismSDK;
			sourceTree = "<group>";
		};
		8406459D1849B26B0065BCA4 /* Home */ = {
			isa = PBXGroup;
			children = (
				8406459E1849B2770065BCA4 /* home.jpg */,
			);
			name = Home;
			sourceTree = "<group>";
		};
		840645A01849B88E0065BCA4 /* HomeViewController */ = {
			isa = PBXGroup;
			children = (
				840645A11849B8CA0065BCA4 /* JKHomeViewController.h */,
				840645A21849B8CA0065BCA4 /* JKHomeViewController.m */,
				840645A31849B8CA0065BCA4 /* JKHomeViewController.xib */,
			);
			name = HomeViewController;
			sourceTree = "<group>";
		};
		840645A61849B8D30065BCA4 /* ViewDeckLeftMenu */ = {
			isa = PBXGroup;
			children = (
				840645A71849B9030065BCA4 /* JKLeftMenuViewController.h */,
				840645A81849B9030065BCA4 /* JKLeftMenuViewController.m */,
				840645A91849B9030065BCA4 /* JKLeftMenuViewController.xib */,
				840645AC1849BA780065BCA4 /* JKSidebarMenuTableViewCell.h */,
				840645AD1849BA780065BCA4 /* JKSidebarMenuTableViewCell.m */,
				840645AF1849BB390065BCA4 /* JKSidebarMenuTableViewCell.xib */,
				840645BA1849BF260065BCA4 /* JKLeftMenuSectionHeader.h */,
				840645BB1849BF260065BCA4 /* JKLeftMenuSectionHeader.m */,
				840645BD1849BF430065BCA4 /* JKLeftMenuSectionHeader.xib */,
			);
			name = ViewDeckLeftMenu;
			sourceTree = "<group>";
		};
		840645C51849C7CC0065BCA4 /* NavigationController */ = {
			isa = PBXGroup;
			children = (
				840645C61849C7FA0065BCA4 /* JKNavigationViewController.h */,
				840645D41849CB220065BCA4 /* JKNavigationViewController.m */,
				840645D51849CB220065BCA4 /* JKNavigationViewController.xib */,
			);
			name = NavigationController;
			sourceTree = "<group>";
		};
		840645CB1849C8850065BCA4 /* Navigation */ = {
			isa = PBXGroup;
			children = (
				840645CC1849C8A40065BCA4 /* left-nav-button.png */,
				840645CD1849C8A40065BCA4 /* left-nav-button@2x.png */,
				840645CE1849C8A40065BCA4 /* navbg.png */,
				840645CF1849C8A40065BCA4 /* navbg@2x.png */,
			);
			name = Navigation;
			sourceTree = "<group>";
		};
		840645D81849CBF70065BCA4 /* MapViewController */ = {
			isa = PBXGroup;
			children = (
				840645D91849CC2C0065BCA4 /* JKMapViewController.h */,
				840645DA1849CC2C0065BCA4 /* JKMapViewController.m */,
				840645DB1849CC2C0065BCA4 /* JKMapViewController.xib */,
			);
			name = MapViewController;
			sourceTree = "<group>";
		};
		840645DE1849CCAE0065BCA4 /* SVProgressHUD */ = {
			isa = PBXGroup;
			children = (
				840645DF1849CCAE0065BCA4 /* SVProgressHUD.bundle */,
				840645E01849CCAE0065BCA4 /* SVProgressHUD.h */,
				840645E11849CCAE0065BCA4 /* SVProgressHUD.m */,
			);
			name = SVProgressHUD;
			path = Vendors/SVProgressHUD;
			sourceTree = "<group>";
		};
		84F99F04184A1A3300356DB3 /* SidebarSection */ = {
			isa = PBXGroup;
			children = (
				84F99F05184A1AEC00356DB3 /* setting.png */,
				84F99F06184A1AEC00356DB3 /* setting@2x.png */,
				84F99F07184A1AEC00356DB3 /* info.png */,
				84F99F08184A1AEC00356DB3 /* info@2x.png */,
				84F99F09184A1AEC00356DB3 /* star.png */,
				84F99F0A184A1AEC00356DB3 /* star@2x.png */,
				84F99F0B184A1AEC00356DB3 /* category.png */,
				84F99F0C184A1AEC00356DB3 /* category@2x.png */,
			);
			name = SidebarSection;
			sourceTree = "<group>";
		};
/* End PBXGroup section */

/* Begin PBXNativeTarget section */
		840644A4184992740065BCA4 /* JKShop */ = {
			isa = PBXNativeTarget;
			buildConfigurationList = 840644D7184992750065BCA4 /* Build configuration list for PBXNativeTarget "JKShop" */;
			buildPhases = (
				840644A1184992740065BCA4 /* Sources */,
				840644A2184992740065BCA4 /* Frameworks */,
				840644A3184992740065BCA4 /* Resources */,
			);
			buildRules = (
			);
			dependencies = (
			);
			name = JKShop;
			productName = JKShop;
			productReference = 840644A5184992740065BCA4 /* JKShop.app */;
			productType = "com.apple.product-type.application";
		};
		840644C4184992750065BCA4 /* JKShopTests */ = {
			isa = PBXNativeTarget;
			buildConfigurationList = 840644DA184992750065BCA4 /* Build configuration list for PBXNativeTarget "JKShopTests" */;
			buildPhases = (
				840644C1184992750065BCA4 /* Sources */,
				840644C2184992750065BCA4 /* Frameworks */,
				840644C3184992750065BCA4 /* Resources */,
			);
			buildRules = (
			);
			dependencies = (
				840644CC184992750065BCA4 /* PBXTargetDependency */,
			);
			name = JKShopTests;
			productName = JKShopTests;
			productReference = 840644C5184992750065BCA4 /* JKShopTests.xctest */;
			productType = "com.apple.product-type.bundle.unit-test";
		};
/* End PBXNativeTarget section */

/* Begin PBXProject section */
		8406449D184992740065BCA4 /* Project object */ = {
			isa = PBXProject;
			attributes = {
				CLASSPREFIX = JK;
				LastUpgradeCheck = 0500;
				ORGANIZATIONNAME = "Nguyễn Bá Toàn";
				TargetAttributes = {
					840644C4184992750065BCA4 = {
						TestTargetID = 840644A4184992740065BCA4;
					};
				};
			};
			buildConfigurationList = 840644A0184992740065BCA4 /* Build configuration list for PBXProject "JKShop" */;
			compatibilityVersion = "Xcode 3.1";
			developmentRegion = English;
			hasScannedForEncodings = 0;
			knownRegions = (
				en,
			);
			mainGroup = 8406449C184992740065BCA4;
			productRefGroup = 840644A6184992740065BCA4 /* Products */;
			projectDirPath = "";
			projectRoot = "";
			targets = (
				840644A4184992740065BCA4 /* JKShop */,
				840644C4184992750065BCA4 /* JKShopTests */,
			);
		};
/* End PBXProject section */

/* Begin PBXResourcesBuildPhase section */
		840644A3184992740065BCA4 /* Resources */ = {
			isa = PBXResourcesBuildPhase;
			buildActionMask = 2147483647;
			files = (
				84F99F14184A1AEC00356DB3 /* category@2x.png in Resources */,
				8406459F1849B2770065BCA4 /* home.jpg in Resources */,
				840645D11849C8A40065BCA4 /* left-nav-button@2x.png in Resources */,
				840644B5184992750065BCA4 /* InfoPlist.strings in Resources */,
				840645D31849C8A40065BCA4 /* navbg@2x.png in Resources */,
				84F99F0E184A1AEC00356DB3 /* setting@2x.png in Resources */,
				840645A51849B8CA0065BCA4 /* JKHomeViewController.xib in Resources */,
				84F99F12184A1AEC00356DB3 /* star@2x.png in Resources */,
				84F99F10184A1AEC00356DB3 /* info@2x.png in Resources */,
				84F99F0F184A1AEC00356DB3 /* info.png in Resources */,
				84F99F0D184A1AEC00356DB3 /* setting.png in Resources */,
				840645DD1849CC2C0065BCA4 /* JKMapViewController.xib in Resources */,
				84F99F13184A1AEC00356DB3 /* category.png in Resources */,
				840645D21849C8A40065BCA4 /* navbg.png in Resources */,
				840645E21849CCAE0065BCA4 /* SVProgressHUD.bundle in Resources */,
				84F99F11184A1AEC00356DB3 /* star.png in Resources */,
				840645D71849CB220065BCA4 /* JKNavigationViewController.xib in Resources */,
				840645D01849C8A40065BCA4 /* left-nav-button.png in Resources */,
				840645AB1849B9030065BCA4 /* JKLeftMenuViewController.xib in Resources */,
				840645B01849BB390065BCA4 /* JKSidebarMenuTableViewCell.xib in Resources */,
				840644C0184992750065BCA4 /* Images.xcassets in Resources */,
				840645BE1849BF430065BCA4 /* JKLeftMenuSectionHeader.xib in Resources */,
			);
			runOnlyForDeploymentPostprocessing = 0;
		};
		840644C3184992750065BCA4 /* Resources */ = {
			isa = PBXResourcesBuildPhase;
			buildActionMask = 2147483647;
			files = (
				840644D2184992750065BCA4 /* InfoPlist.strings in Resources */,
			);
			runOnlyForDeploymentPostprocessing = 0;
		};
/* End PBXResourcesBuildPhase section */

/* Begin PBXSourcesBuildPhase section */
		840644A1184992740065BCA4 /* Sources */ = {
			isa = PBXSourcesBuildPhase;
			buildActionMask = 2147483647;
			files = (
				8406454718499DCE0065BCA4 /* AFDownloadRequestOperation.m in Sources */,
				840645901849ABC90065BCA4 /* UIAlertView+Additions.m in Sources */,
				840645AE1849BA780065BCA4 /* JKSidebarMenuTableViewCell.m in Sources */,
				8406455518499DCE0065BCA4 /* IIWrapController.m in Sources */,
				840645C11849C2A00065BCA4 /* JKHelperManager.m in Sources */,
				840645881849A8210065BCA4 /* AFUrbanAirshipClient.m in Sources */,
				840645B31849BE190065BCA4 /* UIImage+Additions.m in Sources */,
				840644B7184992750065BCA4 /* main.m in Sources */,
				8406451B18499DB60065BCA4 /* BaseLocationManager.m in Sources */,
				840645A41849B8CA0065BCA4 /* JKHomeViewController.m in Sources */,
				8406454F18499DCE0065BCA4 /* AFURLConnectionOperation.m in Sources */,
				8406454818499DCE0065BCA4 /* AFHTTPClient.m in Sources */,
				8406450918499D880065BCA4 /* BaseAppDelegate.m in Sources */,
				8406455B18499DF00065BCA4 /* BaseTableViewController.m in Sources */,
				8406454E18499DCE0065BCA4 /* AFPropertyListRequestOperation.m in Sources */,
				840645B81849BE5B0065BCA4 /* UIColor+Custom.m in Sources */,
				840645DC1849CC2C0065BCA4 /* JKMapViewController.m in Sources */,
				840645D61849CB220065BCA4 /* JKNavigationViewController.m in Sources */,
				8406454A18499DCE0065BCA4 /* AFImageRequestOperation.m in Sources */,
				8406455118499DCE0065BCA4 /* UIImageView+AFNetworking.m in Sources */,
				840645BC1849BF260065BCA4 /* JKLeftMenuSectionHeader.m in Sources */,
				840645AA1849B9030065BCA4 /* JKLeftMenuViewController.m in Sources */,
				8406454918499DCE0065BCA4 /* AFHTTPRequestOperation.m in Sources */,
				840645B91849BE5B0065BCA4 /* UIColor+Hex.m in Sources */,
				8406454D18499DCE0065BCA4 /* AFNetworkActivityIndicatorManager.m in Sources */,
				8406452018499DB60065BCA4 /* FacebookManager.m in Sources */,
				8406454C18499DCE0065BCA4 /* AFJSONUtilities.m in Sources */,
				8406455018499DCE0065BCA4 /* AFXMLRequestOperation.m in Sources */,
				8406455318499DCE0065BCA4 /* IISideController.m in Sources */,
				8406451C18499DB60065BCA4 /* BaseManager.m in Sources */,
				8406455C18499DF00065BCA4 /* BaseViewController.m in Sources */,
				840645C41849C3780065BCA4 /* JKHTTPClient.m in Sources */,
				8406455418499DCE0065BCA4 /* IIViewDeckController.m in Sources */,
				840644BE184992750065BCA4 /* JKShop.xcdatamodeld in Sources */,
				8406451A18499DB60065BCA4 /* BaseDeviceLibrary.m in Sources */,
				840645E31849CCAE0065BCA4 /* SVProgressHUD.m in Sources */,
				8406450A18499D880065BCA4 /* JKAppDelegate.m in Sources */,
				8406451D18499DB60065BCA4 /* BaseNetworkManager.m in Sources */,
				8406454B18499DCE0065BCA4 /* AFJSONRequestOperation.m in Sources */,
			);
			runOnlyForDeploymentPostprocessing = 0;
		};
		840644C1184992750065BCA4 /* Sources */ = {
			isa = PBXSourcesBuildPhase;
			buildActionMask = 2147483647;
			files = (
				840644D4184992750065BCA4 /* JKShopTests.m in Sources */,
			);
			runOnlyForDeploymentPostprocessing = 0;
		};
/* End PBXSourcesBuildPhase section */

/* Begin PBXTargetDependency section */
		840644CC184992750065BCA4 /* PBXTargetDependency */ = {
			isa = PBXTargetDependency;
			target = 840644A4184992740065BCA4 /* JKShop */;
			targetProxy = 840644CB184992750065BCA4 /* PBXContainerItemProxy */;
		};
/* End PBXTargetDependency section */

/* Begin PBXVariantGroup section */
		840644B3184992750065BCA4 /* InfoPlist.strings */ = {
			isa = PBXVariantGroup;
			children = (
				840644B4184992750065BCA4 /* en */,
			);
			name = InfoPlist.strings;
			sourceTree = "<group>";
		};
		840644D0184992750065BCA4 /* InfoPlist.strings */ = {
			isa = PBXVariantGroup;
			children = (
				840644D1184992750065BCA4 /* en */,
			);
			name = InfoPlist.strings;
			sourceTree = "<group>";
		};
/* End PBXVariantGroup section */

/* Begin XCBuildConfiguration section */
		840644D5184992750065BCA4 /* Debug */ = {
			isa = XCBuildConfiguration;
			buildSettings = {
				ALWAYS_SEARCH_USER_PATHS = NO;
				ARCHS = "$(ARCHS_STANDARD)";
				CLANG_CXX_LANGUAGE_STANDARD = "gnu++0x";
				CLANG_CXX_LIBRARY = "libc++";
				CLANG_ENABLE_MODULES = YES;
				CLANG_ENABLE_OBJC_ARC = YES;
				CLANG_WARN_BOOL_CONVERSION = YES;
				CLANG_WARN_CONSTANT_CONVERSION = YES;
				CLANG_WARN_DIRECT_OBJC_ISA_USAGE = YES_ERROR;
				CLANG_WARN_EMPTY_BODY = YES;
				CLANG_WARN_ENUM_CONVERSION = YES;
				CLANG_WARN_INT_CONVERSION = YES;
				CLANG_WARN_OBJC_ROOT_CLASS = YES_ERROR;
				CLANG_WARN__DUPLICATE_METHOD_MATCH = YES;
				"CODE_SIGN_IDENTITY[sdk=iphoneos*]" = "iPhone Developer";
				COPY_PHASE_STRIP = NO;
				GCC_C_LANGUAGE_STANDARD = gnu99;
				GCC_DYNAMIC_NO_PIC = NO;
				GCC_OPTIMIZATION_LEVEL = 0;
				GCC_PREPROCESSOR_DEFINITIONS = (
					"DEBUG=1",
					"$(inherited)",
				);
				GCC_SYMBOLS_PRIVATE_EXTERN = NO;
				GCC_WARN_64_TO_32_BIT_CONVERSION = YES;
				GCC_WARN_ABOUT_RETURN_TYPE = YES_ERROR;
				GCC_WARN_UNDECLARED_SELECTOR = YES;
				GCC_WARN_UNINITIALIZED_AUTOS = YES;
				GCC_WARN_UNUSED_FUNCTION = YES;
				GCC_WARN_UNUSED_VARIABLE = YES;
				IPHONEOS_DEPLOYMENT_TARGET = 6.0;
				ONLY_ACTIVE_ARCH = NO;
				SDKROOT = iphoneos;
			};
			name = Debug;
		};
		840644D6184992750065BCA4 /* Release */ = {
			isa = XCBuildConfiguration;
			buildSettings = {
				ALWAYS_SEARCH_USER_PATHS = NO;
				ARCHS = "$(ARCHS_STANDARD)";
				CLANG_CXX_LANGUAGE_STANDARD = "gnu++0x";
				CLANG_CXX_LIBRARY = "libc++";
				CLANG_ENABLE_MODULES = YES;
				CLANG_ENABLE_OBJC_ARC = YES;
				CLANG_WARN_BOOL_CONVERSION = YES;
				CLANG_WARN_CONSTANT_CONVERSION = YES;
				CLANG_WARN_DIRECT_OBJC_ISA_USAGE = YES_ERROR;
				CLANG_WARN_EMPTY_BODY = YES;
				CLANG_WARN_ENUM_CONVERSION = YES;
				CLANG_WARN_INT_CONVERSION = YES;
				CLANG_WARN_OBJC_ROOT_CLASS = YES_ERROR;
				CLANG_WARN__DUPLICATE_METHOD_MATCH = YES;
				"CODE_SIGN_IDENTITY[sdk=iphoneos*]" = "iPhone Developer";
				COPY_PHASE_STRIP = YES;
				ENABLE_NS_ASSERTIONS = NO;
				GCC_C_LANGUAGE_STANDARD = gnu99;
				GCC_WARN_64_TO_32_BIT_CONVERSION = YES;
				GCC_WARN_ABOUT_RETURN_TYPE = YES_ERROR;
				GCC_WARN_UNDECLARED_SELECTOR = YES;
				GCC_WARN_UNINITIALIZED_AUTOS = YES;
				GCC_WARN_UNUSED_FUNCTION = YES;
				GCC_WARN_UNUSED_VARIABLE = YES;
				IPHONEOS_DEPLOYMENT_TARGET = 6.0;
				ONLY_ACTIVE_ARCH = NO;
				SDKROOT = iphoneos;
				VALIDATE_PRODUCT = YES;
			};
			name = Release;
		};
		840644D8184992750065BCA4 /* Debug */ = {
			isa = XCBuildConfiguration;
			buildSettings = {
				ASSETCATALOG_COMPILER_APPICON_NAME = AppIcon;
				ASSETCATALOG_COMPILER_LAUNCHIMAGE_NAME = LaunchImage;
				FRAMEWORK_SEARCH_PATHS = (
					"$(inherited)",
					/Users/admin/Documents/FacebookSDK,
					/Users/admin/Documents/Work/JKShop,
				);
				GCC_PRECOMPILE_PREFIX_HEADER = YES;
				GCC_PREFIX_HEADER = "JKShop/JKShop-Prefix.pch";
				INFOPLIST_FILE = "JKShop/JKShop-Info.plist";
				IPHONEOS_DEPLOYMENT_TARGET = 6.0;
				LIBRARY_SEARCH_PATHS = (
					"$(inherited)",
					"/Users/admin/Documents/Work/JKShop/JKShop/Vendors/Google\\ Analytics",
					/Users/admin/Documents/Work/JKShop/JKShop/Vendors/CrittercismSDK,
				);
				PRODUCT_NAME = "$(TARGET_NAME)";
				WRAPPER_EXTENSION = app;
			};
			name = Debug;
		};
		840644D9184992750065BCA4 /* Release */ = {
			isa = XCBuildConfiguration;
			buildSettings = {
				ASSETCATALOG_COMPILER_APPICON_NAME = AppIcon;
				ASSETCATALOG_COMPILER_LAUNCHIMAGE_NAME = LaunchImage;
				FRAMEWORK_SEARCH_PATHS = (
					"$(inherited)",
					/Users/admin/Documents/FacebookSDK,
					/Users/admin/Documents/Work/JKShop,
				);
				GCC_PRECOMPILE_PREFIX_HEADER = YES;
				GCC_PREFIX_HEADER = "JKShop/JKShop-Prefix.pch";
				INFOPLIST_FILE = "JKShop/JKShop-Info.plist";
				IPHONEOS_DEPLOYMENT_TARGET = 6.0;
				LIBRARY_SEARCH_PATHS = (
					"$(inherited)",
					"/Users/admin/Documents/Work/JKShop/JKShop/Vendors/Google\\ Analytics",
					/Users/admin/Documents/Work/JKShop/JKShop/Vendors/CrittercismSDK,
				);
				PRODUCT_NAME = "$(TARGET_NAME)";
				WRAPPER_EXTENSION = app;
			};
			name = Release;
		};
		840644DB184992750065BCA4 /* Debug */ = {
			isa = XCBuildConfiguration;
			buildSettings = {
				ARCHS = "$(ARCHS_STANDARD_INCLUDING_64_BIT)";
				BUNDLE_LOADER = "$(BUILT_PRODUCTS_DIR)/JKShop.app/JKShop";
				FRAMEWORK_SEARCH_PATHS = (
					"$(SDKROOT)/Developer/Library/Frameworks",
					"$(inherited)",
					"$(DEVELOPER_FRAMEWORKS_DIR)",
				);
				GCC_PRECOMPILE_PREFIX_HEADER = YES;
				GCC_PREFIX_HEADER = "JKShop/JKShop-Prefix.pch";
				GCC_PREPROCESSOR_DEFINITIONS = (
					"DEBUG=1",
					"$(inherited)",
				);
				INFOPLIST_FILE = "JKShopTests/JKShopTests-Info.plist";
				PRODUCT_NAME = "$(TARGET_NAME)";
				TEST_HOST = "$(BUNDLE_LOADER)";
				WRAPPER_EXTENSION = xctest;
			};
			name = Debug;
		};
		840644DC184992750065BCA4 /* Release */ = {
			isa = XCBuildConfiguration;
			buildSettings = {
				ARCHS = "$(ARCHS_STANDARD_INCLUDING_64_BIT)";
				BUNDLE_LOADER = "$(BUILT_PRODUCTS_DIR)/JKShop.app/JKShop";
				FRAMEWORK_SEARCH_PATHS = (
					"$(SDKROOT)/Developer/Library/Frameworks",
					"$(inherited)",
					"$(DEVELOPER_FRAMEWORKS_DIR)",
				);
				GCC_PRECOMPILE_PREFIX_HEADER = YES;
				GCC_PREFIX_HEADER = "JKShop/JKShop-Prefix.pch";
				INFOPLIST_FILE = "JKShopTests/JKShopTests-Info.plist";
				PRODUCT_NAME = "$(TARGET_NAME)";
				TEST_HOST = "$(BUNDLE_LOADER)";
				WRAPPER_EXTENSION = xctest;
			};
			name = Release;
		};
/* End XCBuildConfiguration section */

/* Begin XCConfigurationList section */
		840644A0184992740065BCA4 /* Build configuration list for PBXProject "JKShop" */ = {
			isa = XCConfigurationList;
			buildConfigurations = (
				840644D5184992750065BCA4 /* Debug */,
				840644D6184992750065BCA4 /* Release */,
			);
			defaultConfigurationIsVisible = 0;
			defaultConfigurationName = Release;
		};
		840644D7184992750065BCA4 /* Build configuration list for PBXNativeTarget "JKShop" */ = {
			isa = XCConfigurationList;
			buildConfigurations = (
				840644D8184992750065BCA4 /* Debug */,
				840644D9184992750065BCA4 /* Release */,
			);
			defaultConfigurationIsVisible = 0;
			defaultConfigurationName = Release;
		};
		840644DA184992750065BCA4 /* Build configuration list for PBXNativeTarget "JKShopTests" */ = {
			isa = XCConfigurationList;
			buildConfigurations = (
				840644DB184992750065BCA4 /* Debug */,
				840644DC184992750065BCA4 /* Release */,
			);
			defaultConfigurationIsVisible = 0;
			defaultConfigurationName = Release;
		};
/* End XCConfigurationList section */

/* Begin XCVersionGroup section */
		840644BC184992750065BCA4 /* JKShop.xcdatamodeld */ = {
			isa = XCVersionGroup;
			children = (
				840644BD184992750065BCA4 /* JKShop.xcdatamodel */,
			);
			currentVersion = 840644BD184992750065BCA4 /* JKShop.xcdatamodel */;
			path = JKShop.xcdatamodeld;
			sourceTree = "<group>";
			versionGroupType = wrapper.xcdatamodel;
		};
/* End XCVersionGroup section */
	};
	rootObject = 8406449D184992740065BCA4 /* Project object */;
}
